# THIS IS AN AUTOGENERATED FILE. DO NOT EDIT THIS FILE DIRECTLY.
# yarn lockfile v1


"@brigadecore/brigadier@^2.0.0-beta.1":
  version "2.0.0-beta.1"
  resolved "https://registry.yarnpkg.com/@brigadecore/brigadier/-/brigadier-2.0.0-beta.1.tgz#8abd9461d445d1d13c83404cec22c16f3cbc2104"
  integrity sha512-PoDfSAYMpqXyhTP+DBE7B1xHXtCxuW7SCLcH9/yQyr4kgeKxsAyYvy1baQx1G5ujpWcKX4ULmxf7dsJdHPX+3w==
  dependencies:
    "@types/node" "^14.14.11"

"@types/node@^14.14.11":
  version "14.17.6"
  resolved "https://registry.yarnpkg.com/@types/node/-/node-14.17.6.tgz#cc61c8361c89e70c468cda464d1fa3dd7e5ebd62"
  integrity sha512-iBxsxU7eswQDGhlr3AiamBxOssaYxbM+NKXVil8jg9yFXvrfEFbDumLD/2dMTB+zYyg7w+Xjt8yuxfdbUHAtcQ==
